
Microsoft Visual Studio Solution File, Format Version 12.00
# Visual Studio Version 17
VisualStudioVersion = 17.9.34622.214
MinimumVisualStudioVersion = 10.0.40219.1
Project("{9A19103F-16F7-4668-BE54-9A1E7A4F7556}") = "WinFormsApp4", "WinFormsApp4\WinFormsApp4.csproj", "{AB1E5AAC-B4E1-4E86-8519-74281DCC9744}"
EndProject
Project("{FAE04EC0-301F-11D3-BF4B-00C04F79EFBC}") = "DAL", "DAL\DAL.csproj", "{0B9964D1-C551-454E-8F15-5700E170FC76}"
EndProject
Project("{FAE04EC0-301F-11D3-BF4B-00C04F79EFBC}") = "BUS", "BUS\BUS.csproj", "{34FF75EE-612F-47AA-9D1F-EB070ED9E0E5}"
EndProject
Global
	GlobalSection(SolutionConfigurationPlatforms) = preSolution
		Debug|Any CPU = Debug|Any CPU
		Release|Any CPU = Release|Any CPU
	EndGlobalSection
	GlobalSection(ProjectConfigurationPlatforms) = postSolution
		{AB1E5AAC-B4E1-4E86-8519-74281DCC9744}.Debug|Any CPU.ActiveCfg = Debug|Any CPU
		{AB1E5AAC-B4E1-4E86-8519-74281DCC9744}.Debug|Any CPU.Build.0 = Debug|Any CPU
		{AB1E5AAC-B4E1-4E86-8519-74281DCC9744}.Release|Any CPU.ActiveCfg = Release|Any CPU
		{AB1E5AAC-B4E1-4E86-8519-74281DCC9744}.Release|Any CPU.Build.0 = Release|Any CPU
		{0B9964D1-C551-454E-8F15-5700E170FC76}.Debug|Any CPU.ActiveCfg = Debug|Any CPU
		{0B9964D1-C551-454E-8F15-5700E170FC76}.Debug|Any CPU.Build.0 = Debug|Any CPU
		{0B9964D1-C551-454E-8F15-5700E170FC76}.Release|Any CPU.ActiveCfg = Release|Any CPU
		{0B9964D1-C551-454E-8F15-5700E170FC76}.Release|Any CPU.Build.0 = Release|Any CPU
		{34FF75EE-612F-47AA-9D1F-EB070ED9E0E5}.Debug|Any CPU.ActiveCfg = Debug|Any CPU
		{34FF75EE-612F-47AA-9D1F-EB070ED9E0E5}.Debug|Any CPU.Build.0 = Debug|Any CPU
		{34FF75EE-612F-47AA-9D1F-EB070ED9E0E5}.Release|Any CPU.ActiveCfg = Release|Any CPU
		{34FF75EE-612F-47AA-9D1F-EB070ED9E0E5}.Release|Any CPU.Build.0 = Release|Any CPU
	EndGlobalSection
	GlobalSection(SolutionProperties) = preSolution
		HideSolutionNode = FALSE
	EndGlobalSection
	GlobalSection(ExtensibilityGlobals) = postSolution
		SolutionGuid = {5F46ED38-A58E-4AF0-8549-3BCBAB015A02}
	EndGlobalSection
EndGlobal
